
Microsoft Visual Studio Solution File, Format Version 12.00
# Visual Studio Version 17
VisualStudioVersion = 17.10.34928.147
MinimumVisualStudioVersion = 10.0.40219.1
Project("{9A19103F-16F7-4668-BE54-9A1E7A4F7556}") = "HomeWorkRepo", "HomeWorkRepo\HomeWorkRepo.csproj", "{4C1234E4-9573-4203-A90A-4D755F2F350F}"
EndProject
Project("{9A19103F-16F7-4668-BE54-9A1E7A4F7556}") = "HomewWorkCalculator", "HomewWorkCalculator\HomewWorkCalculator.csproj", "{82C796AE-11B5-4A85-84D7-3BA02E83B314}"
EndProject
Project("{9A19103F-16F7-4668-BE54-9A1E7A4F7556}") = "DZ4", "DZ3\DZ4.csproj", "{1EF36CD6-F41F-42D4-9D70-28DC71F00963}"
EndProject
Project("{9A19103F-16F7-4668-BE54-9A1E7A4F7556}") = "DZ5", "DZ5\DZ5.csproj", "{7DC02CF4-F5B6-48B4-B318-71298697274B}"
EndProject
Project("{FAE04EC0-301F-11D3-BF4B-00C04F79EFBC}") = "DZ6", "DZ6\DZ6.csproj", "{10128FBA-B272-429E-97F0-D6A281B43C2B}"
EndProject
Global
	GlobalSection(SolutionConfigurationPlatforms) = preSolution
		Debug|Any CPU = Debug|Any CPU
		Release|Any CPU = Release|Any CPU
	EndGlobalSection
	GlobalSection(ProjectConfigurationPlatforms) = postSolution
		{4C1234E4-9573-4203-A90A-4D755F2F350F}.Debug|Any CPU.ActiveCfg = Debug|Any CPU
		{4C1234E4-9573-4203-A90A-4D755F2F350F}.Debug|Any CPU.Build.0 = Debug|Any CPU
		{4C1234E4-9573-4203-A90A-4D755F2F350F}.Release|Any CPU.ActiveCfg = Release|Any CPU
		{4C1234E4-9573-4203-A90A-4D755F2F350F}.Release|Any CPU.Build.0 = Release|Any CPU
		{82C796AE-11B5-4A85-84D7-3BA02E83B314}.Debug|Any CPU.ActiveCfg = Debug|Any CPU
		{82C796AE-11B5-4A85-84D7-3BA02E83B314}.Debug|Any CPU.Build.0 = Debug|Any CPU
		{82C796AE-11B5-4A85-84D7-3BA02E83B314}.Release|Any CPU.ActiveCfg = Release|Any CPU
		{82C796AE-11B5-4A85-84D7-3BA02E83B314}.Release|Any CPU.Build.0 = Release|Any CPU
		{1EF36CD6-F41F-42D4-9D70-28DC71F00963}.Debug|Any CPU.ActiveCfg = Debug|Any CPU
		{1EF36CD6-F41F-42D4-9D70-28DC71F00963}.Debug|Any CPU.Build.0 = Debug|Any CPU
		{1EF36CD6-F41F-42D4-9D70-28DC71F00963}.Release|Any CPU.ActiveCfg = Release|Any CPU
		{1EF36CD6-F41F-42D4-9D70-28DC71F00963}.Release|Any CPU.Build.0 = Release|Any CPU
		{7DC02CF4-F5B6-48B4-B318-71298697274B}.Debug|Any CPU.ActiveCfg = Debug|Any CPU
		{7DC02CF4-F5B6-48B4-B318-71298697274B}.Debug|Any CPU.Build.0 = Debug|Any CPU
		{7DC02CF4-F5B6-48B4-B318-71298697274B}.Release|Any CPU.ActiveCfg = Release|Any CPU
		{7DC02CF4-F5B6-48B4-B318-71298697274B}.Release|Any CPU.Build.0 = Release|Any CPU
		{10128FBA-B272-429E-97F0-D6A281B43C2B}.Debug|Any CPU.ActiveCfg = Debug|Any CPU
		{10128FBA-B272-429E-97F0-D6A281B43C2B}.Debug|Any CPU.Build.0 = Debug|Any CPU
		{10128FBA-B272-429E-97F0-D6A281B43C2B}.Release|Any CPU.ActiveCfg = Release|Any CPU
		{10128FBA-B272-429E-97F0-D6A281B43C2B}.Release|Any CPU.Build.0 = Release|Any CPU
	EndGlobalSection
	GlobalSection(SolutionProperties) = preSolution
		HideSolutionNode = FALSE
	EndGlobalSection
	GlobalSection(ExtensibilityGlobals) = postSolution
		SolutionGuid = {38D12188-A41B-40D0-8371-1919792B6314}
	EndGlobalSection
EndGlobal
